
Microsoft Visual Studio Solution File, Format Version 12.00
# Visual Studio 15
Project("{FAE04EC0-301F-11D3-BF4B-00C04F79EFBC}") = "vopen-api", "vopen-api.csproj", "{5B43EE2D-22A8-4D54-AF11-4C2563ADBFAD}"
EndProject
Global
	GlobalSection(SolutionConfigurationPlatforms) = preSolution
		Debug|Any CPU = Debug|Any CPU
		Release|Any CPU = Release|Any CPU
	EndGlobalSection
	GlobalSection(ProjectConfigurationPlatforms) = postSolution
		{5B43EE2D-22A8-4D54-AF11-4C2563ADBFAD}.Debug|Any CPU.ActiveCfg = Debug|Any CPU
		{5B43EE2D-22A8-4D54-AF11-4C2563ADBFAD}.Debug|Any CPU.Build.0 = Debug|Any CPU
		{5B43EE2D-22A8-4D54-AF11-4C2563ADBFAD}.Release|Any CPU.ActiveCfg = Release|Any CPU
		{5B43EE2D-22A8-4D54-AF11-4C2563ADBFAD}.Release|Any CPU.Build.0 = Release|Any CPU
	EndGlobalSection
EndGlobal
