Microsoft Visual Studio Solution File, Format Version 12.00
# Visual Studio Version 16
VisualStudioVersion = 16.0.31105.61
MinimumVisualStudioVersion = 10.0.40219.1
Project("{9A19103F-16F7-4668-BE54-9A1E7A4F7556}") = "vopen-api", "src\vopen-api\vopen-api.csproj", "{0EEE78EA-D88C-4F1E-852E-BC599E70224F}"
EndProject
Project("{9A19103F-16F7-4668-BE54-9A1E7A4F7556}") = "vopen-az-api", "src\vopen-az-api\vopen-az-api.csproj", "{0ED8F0EC-9DDF-47D9-AE64-C121A4A262F9}"
EndProject
Project("{2150E333-8FDC-42A3-9474-1A3956D46DE8}") = "src", "src", "{E8E75748-D132-485B-833A-F2F701FE3B02}"
EndProject
Global
	GlobalSection(SolutionConfigurationPlatforms) = preSolution
		Debug|Any CPU = Debug|Any CPU
		Release|Any CPU = Release|Any CPU
	EndGlobalSection
	GlobalSection(ProjectConfigurationPlatforms) = postSolution
		{0EEE78EA-D88C-4F1E-852E-BC599E70224F}.Debug|Any CPU.ActiveCfg = Debug|Any CPU
		{0EEE78EA-D88C-4F1E-852E-BC599E70224F}.Debug|Any CPU.Build.0 = Debug|Any CPU
		{0EEE78EA-D88C-4F1E-852E-BC599E70224F}.Release|Any CPU.ActiveCfg = Release|Any CPU
		{0EEE78EA-D88C-4F1E-852E-BC599E70224F}.Release|Any CPU.Build.0 = Release|Any CPU
		{0ED8F0EC-9DDF-47D9-AE64-C121A4A262F9}.Debug|Any CPU.ActiveCfg = Debug|Any CPU
		{0ED8F0EC-9DDF-47D9-AE64-C121A4A262F9}.Debug|Any CPU.Build.0 = Debug|Any CPU
		{0ED8F0EC-9DDF-47D9-AE64-C121A4A262F9}.Release|Any CPU.ActiveCfg = Release|Any CPU
		{0ED8F0EC-9DDF-47D9-AE64-C121A4A262F9}.Release|Any CPU.Build.0 = Release|Any CPU
	EndGlobalSection
	GlobalSection(SolutionProperties) = preSolution
		HideSolutionNode = FALSE
	EndGlobalSection
	GlobalSection(NestedProjects) = preSolution
		{0EEE78EA-D88C-4F1E-852E-BC599E70224F} = {E8E75748-D132-485B-833A-F2F701FE3B02}
		{0ED8F0EC-9DDF-47D9-AE64-C121A4A262F9} = {E8E75748-D132-485B-833A-F2F701FE3B02}
	EndGlobalSection
	GlobalSection(ExtensibilityGlobals) = postSolution
		SolutionGuid = {54CF2592-4861-40E7-B00E-E663A4BC491D}
	EndGlobalSection
EndGlobal
